
Microsoft Visual Studio Solution File, Format Version 12.00
# Visual Studio Version 16
VisualStudioVersion = 16.0.32428.217
MinimumVisualStudioVersion = 10.0.40219.1
Project("{8BC9CEB8-8B4A-11D0-8D11-00A0C91BC942}") = "SSProLicenses", "SSProLicenses\SSProLicenses.vcxproj", "{F5F3D0F1-B759-45AB-9701-8D29D28B313D}"
	ProjectSection(ProjectDependencies) = postProject
		{EC2C6300-6501-4456-8712-4C8E0575A29C} = {EC2C6300-6501-4456-8712-4C8E0575A29C}
		{0C735B3B-AB72-4C81-A084-B06A2CD9A77E} = {0C735B3B-AB72-4C81-A084-B06A2CD9A77E}
		{7CBD2B7B-BB34-41B6-A8CB-656DF1B0089E} = {7CBD2B7B-BB34-41B6-A8CB-656DF1B0089E}
		{DD746583-00E9-4471-B2F7-A273E9BF5276} = {DD746583-00E9-4471-B2F7-A273E9BF5276}
		{44650CB1-BC89-4F3E-B32C-8E3F0F586A87} = {44650CB1-BC89-4F3E-B32C-8E3F0F586A87}
		{2A17B7E2-644F-4BE4-96E9-57C95BA0EF48} = {2A17B7E2-644F-4BE4-96E9-57C95BA0EF48}
	EndProjectSection
EndProject
Project("{8BC9CEB8-8B4A-11D0-8D11-00A0C91BC942}") = "SSProKeys", "SSProKeys\SSProKeys.vcxproj", "{2C79ECE2-8C6C-4203-915B-5038238F030F}"
	ProjectSection(ProjectDependencies) = postProject
		{EC2C6300-6501-4456-8712-4C8E0575A29C} = {EC2C6300-6501-4456-8712-4C8E0575A29C}
		{0C735B3B-AB72-4C81-A084-B06A2CD9A77E} = {0C735B3B-AB72-4C81-A084-B06A2CD9A77E}
		{7CBD2B7B-BB34-41B6-A8CB-656DF1B0089E} = {7CBD2B7B-BB34-41B6-A8CB-656DF1B0089E}
		{DD746583-00E9-4471-B2F7-A273E9BF5276} = {DD746583-00E9-4471-B2F7-A273E9BF5276}
		{44650CB1-BC89-4F3E-B32C-8E3F0F586A87} = {44650CB1-BC89-4F3E-B32C-8E3F0F586A87}
		{2A17B7E2-644F-4BE4-96E9-57C95BA0EF48} = {2A17B7E2-644F-4BE4-96E9-57C95BA0EF48}
	EndProjectSection
EndProject
Project("{8BC9CEB8-8B4A-11D0-8D11-00A0C91BC942}") = "SSProExe", "SSProExe\SSProExe.vcxproj", "{887D2E91-0CE5-4910-9438-75733483BD70}"
	ProjectSection(ProjectDependencies) = postProject
		{EC2C6300-6501-4456-8712-4C8E0575A29C} = {EC2C6300-6501-4456-8712-4C8E0575A29C}
		{0C735B3B-AB72-4C81-A084-B06A2CD9A77E} = {0C735B3B-AB72-4C81-A084-B06A2CD9A77E}
		{7CBD2B7B-BB34-41B6-A8CB-656DF1B0089E} = {7CBD2B7B-BB34-41B6-A8CB-656DF1B0089E}
		{DD746583-00E9-4471-B2F7-A273E9BF5276} = {DD746583-00E9-4471-B2F7-A273E9BF5276}
		{44650CB1-BC89-4F3E-B32C-8E3F0F586A87} = {44650CB1-BC89-4F3E-B32C-8E3F0F586A87}
		{2A17B7E2-644F-4BE4-96E9-57C95BA0EF48} = {2A17B7E2-644F-4BE4-96E9-57C95BA0EF48}
	EndProjectSection
EndProject
Project("{8BC9CEB8-8B4A-11D0-8D11-00A0C91BC942}") = "_SSProExeLegacy", "_SSProExeLegacy\_SSProExeLegacy.vcxproj", "{89C42EC7-C187-47E1-96D1-A7A21D892143}"
	ProjectSection(ProjectDependencies) = postProject
		{EC2C6300-6501-4456-8712-4C8E0575A29C} = {EC2C6300-6501-4456-8712-4C8E0575A29C}
		{0C735B3B-AB72-4C81-A084-B06A2CD9A77E} = {0C735B3B-AB72-4C81-A084-B06A2CD9A77E}
		{7CBD2B7B-BB34-41B6-A8CB-656DF1B0089E} = {7CBD2B7B-BB34-41B6-A8CB-656DF1B0089E}
		{DD746583-00E9-4471-B2F7-A273E9BF5276} = {DD746583-00E9-4471-B2F7-A273E9BF5276}
		{44650CB1-BC89-4F3E-B32C-8E3F0F586A87} = {44650CB1-BC89-4F3E-B32C-8E3F0F586A87}
		{2A17B7E2-644F-4BE4-96E9-57C95BA0EF48} = {2A17B7E2-644F-4BE4-96E9-57C95BA0EF48}
	EndProjectSection
EndProject
Project("{8BC9CEB8-8B4A-11D0-8D11-00A0C91BC942}") = "_SSProKeysLegacy", "_SSProKeysLegacy\_SSProKeysLegacy.vcxproj", "{2045C42F-A6E5-431A-AC23-F3BF5E87A58F}"
	ProjectSection(ProjectDependencies) = postProject
		{EC2C6300-6501-4456-8712-4C8E0575A29C} = {EC2C6300-6501-4456-8712-4C8E0575A29C}
		{0C735B3B-AB72-4C81-A084-B06A2CD9A77E} = {0C735B3B-AB72-4C81-A084-B06A2CD9A77E}
		{7CBD2B7B-BB34-41B6-A8CB-656DF1B0089E} = {7CBD2B7B-BB34-41B6-A8CB-656DF1B0089E}
		{DD746583-00E9-4471-B2F7-A273E9BF5276} = {DD746583-00E9-4471-B2F7-A273E9BF5276}
		{44650CB1-BC89-4F3E-B32C-8E3F0F586A87} = {44650CB1-BC89-4F3E-B32C-8E3F0F586A87}
		{2A17B7E2-644F-4BE4-96E9-57C95BA0EF48} = {2A17B7E2-644F-4BE4-96E9-57C95BA0EF48}
	EndProjectSection
EndProject
Project("{8BC9CEB8-8B4A-11D0-8D11-00A0C91BC942}") = "_SSProLicensesLegacy", "_SSProLicensesLegacy\_SSProLicensesLegacy.vcxproj", "{8129A8CB-ED58-4602-9221-C6E622E71BD4}"
	ProjectSection(ProjectDependencies) = postProject
		{EC2C6300-6501-4456-8712-4C8E0575A29C} = {EC2C6300-6501-4456-8712-4C8E0575A29C}
		{0C735B3B-AB72-4C81-A084-B06A2CD9A77E} = {0C735B3B-AB72-4C81-A084-B06A2CD9A77E}
		{7CBD2B7B-BB34-41B6-A8CB-656DF1B0089E} = {7CBD2B7B-BB34-41B6-A8CB-656DF1B0089E}
		{DD746583-00E9-4471-B2F7-A273E9BF5276} = {DD746583-00E9-4471-B2F7-A273E9BF5276}
		{44650CB1-BC89-4F3E-B32C-8E3F0F586A87} = {44650CB1-BC89-4F3E-B32C-8E3F0F586A87}
		{2A17B7E2-644F-4BE4-96E9-57C95BA0EF48} = {2A17B7E2-644F-4BE4-96E9-57C95BA0EF48}
	EndProjectSection
EndProject
Project("{8BC9CEB8-8B4A-11D0-8D11-00A0C91BC942}") = "CmnUtils", "..\Modules.32\Resshare.32\CmnUtils\CmnUtils.vcxproj", "{EC2C6300-6501-4456-8712-4C8E0575A29C}"
EndProject
Project("{8BC9CEB8-8B4A-11D0-8D11-00A0C91BC942}") = "ProUtilsHelper", "..\Resshare.32\ProUtilsHelper\ProUtilsHelper.vcxproj", "{7CBD2B7B-BB34-41B6-A8CB-656DF1B0089E}"
EndProject
Project("{8BC9CEB8-8B4A-11D0-8D11-00A0C91BC942}") = "StarlingPro", "..\Utils.32\StarLingPro\StarlingPro.vcxproj", "{2A17B7E2-644F-4BE4-96E9-57C95BA0EF48}"
EndProject
Project("{FAE04EC0-301F-11D3-BF4B-00C04F79EFBC}") = "ManagedUtils", "..\Resshare.32\ManagedUtils\ManagedUtils.csproj", "{DD746583-00E9-4471-B2F7-A273E9BF5276}"
EndProject
Project("{8BC9CEB8-8B4A-11D0-8D11-00A0C91BC942}") = "PROUtilsMxd", "..\Resshare.32\ProUtilsMxd\PROUtilsMxd.vcxproj", "{0C735B3B-AB72-4C81-A084-B06A2CD9A77E}"
EndProject
Project("{8BC9CEB8-8B4A-11D0-8D11-00A0C91BC942}") = "ZLib", "..\Resshare.32\zlib\zlib.vcxproj", "{44650CB1-BC89-4F3E-B32C-8E3F0F586A87}"
EndProject
Global
	GlobalSection(SolutionConfigurationPlatforms) = preSolution
		Debug|Any CPU = Debug|Any CPU
		Debug|x86 = Debug|x86
		Release|Any CPU = Release|Any CPU
		Release|x86 = Release|x86
	EndGlobalSection
	GlobalSection(ProjectConfigurationPlatforms) = postSolution
		{F5F3D0F1-B759-45AB-9701-8D29D28B313D}.Debug|Any CPU.ActiveCfg = Debug|Win32
		{F5F3D0F1-B759-45AB-9701-8D29D28B313D}.Debug|x86.ActiveCfg = Debug|Win32
		{F5F3D0F1-B759-45AB-9701-8D29D28B313D}.Debug|x86.Build.0 = Debug|Win32
		{F5F3D0F1-B759-45AB-9701-8D29D28B313D}.Release|Any CPU.ActiveCfg = Release|Win32
		{F5F3D0F1-B759-45AB-9701-8D29D28B313D}.Release|x86.ActiveCfg = Release|Win32
		{F5F3D0F1-B759-45AB-9701-8D29D28B313D}.Release|x86.Build.0 = Release|Win32
		{2C79ECE2-8C6C-4203-915B-5038238F030F}.Debug|Any CPU.ActiveCfg = Debug|Win32
		{2C79ECE2-8C6C-4203-915B-5038238F030F}.Debug|x86.ActiveCfg = Debug|Win32
		{2C79ECE2-8C6C-4203-915B-5038238F030F}.Debug|x86.Build.0 = Debug|Win32
		{2C79ECE2-8C6C-4203-915B-5038238F030F}.Release|Any CPU.ActiveCfg = Release|Win32
		{2C79ECE2-8C6C-4203-915B-5038238F030F}.Release|x86.ActiveCfg = Release|Win32
		{2C79ECE2-8C6C-4203-915B-5038238F030F}.Release|x86.Build.0 = Release|Win32
		{887D2E91-0CE5-4910-9438-75733483BD70}.Debug|Any CPU.ActiveCfg = Debug|Win32
		{887D2E91-0CE5-4910-9438-75733483BD70}.Debug|x86.ActiveCfg = Debug|Win32
		{887D2E91-0CE5-4910-9438-75733483BD70}.Debug|x86.Build.0 = Debug|Win32
		{887D2E91-0CE5-4910-9438-75733483BD70}.Release|Any CPU.ActiveCfg = Release|Win32
		{887D2E91-0CE5-4910-9438-75733483BD70}.Release|x86.ActiveCfg = Release|Win32
		{887D2E91-0CE5-4910-9438-75733483BD70}.Release|x86.Build.0 = Release|Win32
		{89C42EC7-C187-47E1-96D1-A7A21D892143}.Debug|Any CPU.ActiveCfg = Debug|Win32
		{89C42EC7-C187-47E1-96D1-A7A21D892143}.Debug|x86.ActiveCfg = Debug|Win32
		{89C42EC7-C187-47E1-96D1-A7A21D892143}.Debug|x86.Build.0 = Debug|Win32
		{89C42EC7-C187-47E1-96D1-A7A21D892143}.Release|Any CPU.ActiveCfg = Release|Win32
		{89C42EC7-C187-47E1-96D1-A7A21D892143}.Release|x86.ActiveCfg = Release|Win32
		{89C42EC7-C187-47E1-96D1-A7A21D892143}.Release|x86.Build.0 = Release|Win32
		{2045C42F-A6E5-431A-AC23-F3BF5E87A58F}.Debug|Any CPU.ActiveCfg = Debug|Win32
		{2045C42F-A6E5-431A-AC23-F3BF5E87A58F}.Debug|x86.ActiveCfg = Debug|Win32
		{2045C42F-A6E5-431A-AC23-F3BF5E87A58F}.Debug|x86.Build.0 = Debug|Win32
		{2045C42F-A6E5-431A-AC23-F3BF5E87A58F}.Release|Any CPU.ActiveCfg = Release|Win32
		{2045C42F-A6E5-431A-AC23-F3BF5E87A58F}.Release|x86.ActiveCfg = Release|Win32
		{2045C42F-A6E5-431A-AC23-F3BF5E87A58F}.Release|x86.Build.0 = Release|Win32
		{8129A8CB-ED58-4602-9221-C6E622E71BD4}.Debug|Any CPU.ActiveCfg = Debug|Win32
		{8129A8CB-ED58-4602-9221-C6E622E71BD4}.Debug|x86.ActiveCfg = Debug|Win32
		{8129A8CB-ED58-4602-9221-C6E622E71BD4}.Debug|x86.Build.0 = Debug|Win32
		{8129A8CB-ED58-4602-9221-C6E622E71BD4}.Release|Any CPU.ActiveCfg = Release|Win32
		{8129A8CB-ED58-4602-9221-C6E622E71BD4}.Release|x86.ActiveCfg = Release|Win32
		{8129A8CB-ED58-4602-9221-C6E622E71BD4}.Release|x86.Build.0 = Release|Win32
		{EC2C6300-6501-4456-8712-4C8E0575A29C}.Debug|Any CPU.ActiveCfg = Debug|Win32
		{EC2C6300-6501-4456-8712-4C8E0575A29C}.Debug|x86.ActiveCfg = Debug|Win32
		{EC2C6300-6501-4456-8712-4C8E0575A29C}.Debug|x86.Build.0 = Debug|Win32
		{EC2C6300-6501-4456-8712-4C8E0575A29C}.Release|Any CPU.ActiveCfg = Release|Win32
		{EC2C6300-6501-4456-8712-4C8E0575A29C}.Release|x86.ActiveCfg = Release|Win32
		{EC2C6300-6501-4456-8712-4C8E0575A29C}.Release|x86.Build.0 = Release|Win32
		{7CBD2B7B-BB34-41B6-A8CB-656DF1B0089E}.Debug|Any CPU.ActiveCfg = Debug|Win32
		{7CBD2B7B-BB34-41B6-A8CB-656DF1B0089E}.Debug|x86.ActiveCfg = Debug|Win32
		{7CBD2B7B-BB34-41B6-A8CB-656DF1B0089E}.Debug|x86.Build.0 = Debug|Win32
		{7CBD2B7B-BB34-41B6-A8CB-656DF1B0089E}.Release|Any CPU.ActiveCfg = Release|Win32
		{7CBD2B7B-BB34-41B6-A8CB-656DF1B0089E}.Release|x86.ActiveCfg = Release|Win32
		{7CBD2B7B-BB34-41B6-A8CB-656DF1B0089E}.Release|x86.Build.0 = Release|Win32
		{2A17B7E2-644F-4BE4-96E9-57C95BA0EF48}.Debug|Any CPU.ActiveCfg = Debug|Win32
		{2A17B7E2-644F-4BE4-96E9-57C95BA0EF48}.Debug|x86.ActiveCfg = Debug|Win32
		{2A17B7E2-644F-4BE4-96E9-57C95BA0EF48}.Debug|x86.Build.0 = Debug|Win32
		{2A17B7E2-644F-4BE4-96E9-57C95BA0EF48}.Release|Any CPU.ActiveCfg = Release|Win32
		{2A17B7E2-644F-4BE4-96E9-57C95BA0EF48}.Release|x86.ActiveCfg = Release|Win32
		{2A17B7E2-644F-4BE4-96E9-57C95BA0EF48}.Release|x86.Build.0 = Release|Win32
		{DD746583-00E9-4471-B2F7-A273E9BF5276}.Debug|Any CPU.ActiveCfg = Debug|Any CPU
		{DD746583-00E9-4471-B2F7-A273E9BF5276}.Debug|Any CPU.Build.0 = Debug|Any CPU
		{DD746583-00E9-4471-B2F7-A273E9BF5276}.Debug|x86.ActiveCfg = Debug|Any CPU
		{DD746583-00E9-4471-B2F7-A273E9BF5276}.Debug|x86.Build.0 = Debug|Any CPU
		{DD746583-00E9-4471-B2F7-A273E9BF5276}.Release|Any CPU.ActiveCfg = Release|Any CPU
		{DD746583-00E9-4471-B2F7-A273E9BF5276}.Release|Any CPU.Build.0 = Release|Any CPU
		{DD746583-00E9-4471-B2F7-A273E9BF5276}.Release|x86.ActiveCfg = Release|Any CPU
		{DD746583-00E9-4471-B2F7-A273E9BF5276}.Release|x86.Build.0 = Release|Any CPU
		{0C735B3B-AB72-4C81-A084-B06A2CD9A77E}.Debug|Any CPU.ActiveCfg = Debug|Win32
		{0C735B3B-AB72-4C81-A084-B06A2CD9A77E}.Debug|x86.ActiveCfg = Debug|Win32
		{0C735B3B-AB72-4C81-A084-B06A2CD9A77E}.Debug|x86.Build.0 = Debug|Win32
		{0C735B3B-AB72-4C81-A084-B06A2CD9A77E}.Release|Any CPU.ActiveCfg = Release|Win32
		{0C735B3B-AB72-4C81-A084-B06A2CD9A77E}.Release|x86.ActiveCfg = Release|Win32
		{0C735B3B-AB72-4C81-A084-B06A2CD9A77E}.Release|x86.Build.0 = Release|Win32
		{44650CB1-BC89-4F3E-B32C-8E3F0F586A87}.Debug|Any CPU.ActiveCfg = Debug|Win32
		{44650CB1-BC89-4F3E-B32C-8E3F0F586A87}.Debug|x86.ActiveCfg = Debug|Win32
		{44650CB1-BC89-4F3E-B32C-8E3F0F586A87}.Debug|x86.Build.0 = Debug|Win32
		{44650CB1-BC89-4F3E-B32C-8E3F0F586A87}.Release|Any CPU.ActiveCfg = Release|Win32
		{44650CB1-BC89-4F3E-B32C-8E3F0F586A87}.Release|x86.ActiveCfg = Release|Win32
		{44650CB1-BC89-4F3E-B32C-8E3F0F586A87}.Release|x86.Build.0 = Release|Win32
	EndGlobalSection
	GlobalSection(SolutionProperties) = preSolution
		HideSolutionNode = FALSE
	EndGlobalSection
	GlobalSection(ExtensibilityGlobals) = postSolution
		SolutionGuid = {CF0D4C09-BD5D-4916-B019-F72F5B94DDCE}
	EndGlobalSection
EndGlobal
